version: 6
environments:
  default:
    channels:
    - url: https://conda.anaconda.org/conda-forge/
    packages:
      linux-64:
      - conda: https://conda.anaconda.org/conda-forge/linux-64/pandoc-3.7.0.2-ha770c72_0.conda
packages:
- conda: https://conda.anaconda.org/conda-forge/linux-64/pandoc-3.7.0.2-ha770c72_0.conda
  sha256: 243c49b34caa9328e9d5f62c98be9eb046be8fee9836854b88d9022ce8013497
  md5: db0c1632047d38997559ce2c4741dd91
  license: GPL-2.0-or-later
  license_family: GPL
  size: 21704062
  timestamp: 1748609438645
